
Microsoft Visual Studio Solution File, Format Version 12.00
# Visual Studio 15
VisualStudioVersion = 15.0.28307.1622
MinimumVisualStudioVersion = 10.0.40219.1
Project("{FAE04EC0-301F-11D3-BF4B-00C04F79EFBC}") = "WebProjesi", "WebProjesi\WebProjesi.csproj", "{BA1853F0-77B6-44D8-A664-77794218ABD0}"
EndProject
Global
	GlobalSection(SolutionConfigurationPlatforms) = preSolution
		Debug|Any CPU = Debug|Any CPU
		Release|Any CPU = Release|Any CPU
	EndGlobalSection
	GlobalSection(ProjectConfigurationPlatforms) = postSolution
		{BA1853F0-77B6-44D8-A664-77794218ABD0}.Debug|Any CPU.ActiveCfg = Debug|Any CPU
		{BA1853F0-77B6-44D8-A664-77794218ABD0}.Debug|Any CPU.Build.0 = Debug|Any CPU
		{BA1853F0-77B6-44D8-A664-77794218ABD0}.Release|Any CPU.ActiveCfg = Release|Any CPU
		{BA1853F0-77B6-44D8-A664-77794218ABD0}.Release|Any CPU.Build.0 = Release|Any CPU
	EndGlobalSection
	GlobalSection(SolutionProperties) = preSolution
		HideSolutionNode = FALSE
	EndGlobalSection
	GlobalSection(ExtensibilityGlobals) = postSolution
		SolutionGuid = {204CA602-7A97-4B1A-AC5F-9B4C7C4C2E7E}
	EndGlobalSection
EndGlobal
